{
  "version": 4,
  "terraform_version": "1.3.7",
  "serial": 19,
  "lineage": "0f64af25-7c60-bb14-f110-5807d5bde554",
  "outputs": {
    "jenkins_ip": {
      "value": "134.209.169.128",
      "type": "string"
    }
  },
  "resources": [
    {
      "mode": "data",
      "type": "digitalocean_ssh_key",
      "name": "ssh_key",
      "provider": "provider[\"registry.terraform.io/digitalocean/digitalocean\"]",
      "instances": [
        {
          "schema_version": 0,
          "attributes": {
            "fingerprint": "f6:ae:bd:89:fe:82:a5:a1:4e:33:79:ba:7a:08:2f:27",
            "id": 37382051,
            "name": "JornadaDevOps",
            "public_key": "ssh-rsa AAAAB3NzaC1yc2EAAAADAQABAAABAQDQ897pEYaDAwDIzjHo0EsGUlOsVCndKRsjl1hNVXXBBOAQyxfgzF9iG8p+IjincfIr2XJKwg2ZoDGLQnNX3QOWUZael8Cyfnr9lIxMc1SWvV1P3mHkr9o9dtR2YeV408sICuS8sms5PlAGjrtvN50qcKOl1YtHXVpGsnYX2xOqsLVAvm3LhUzsKrYATdXE+gIqLu0x7q4aZhB9te6YBMUbMVCDYJPQwnlZrDfRDlshHjOr1XXbe2qfdEZ5ywTm24hloizdHdkQkm4Rv/17IbX6ajLaJpG3F/wOL+WRJjUurjI1VKjkgOLi3khl3mWKmRc2PFz8g5nLDNAFS9lvDY/7 audal@Lenovo\n"
          },
          "sensitive_attributes": []
        }
      ]
    },
    {
      "mode": "managed",
      "type": "digitalocean_droplet",
      "name": "jenkins",
      "provider": "provider[\"registry.terraform.io/digitalocean/digitalocean\"]",
      "instances": [
        {
          "schema_version": 1,
          "attributes": {
            "backups": false,
            "created_at": "2023-01-30T01:24:50Z",
            "disk": 60,
            "droplet_agent": null,
            "graceful_shutdown": false,
            "id": "338179384",
            "image": "ubuntu-22-04-x64",
            "ipv4_address": "134.209.169.128",
            "ipv4_address_private": "10.108.0.2",
            "ipv6": false,
            "ipv6_address": "",
            "locked": false,
            "memory": 2048,
            "monitoring": false,
            "name": "jenkins",
            "price_hourly": 0.02679,
            "price_monthly": 18,
            "private_networking": true,
            "region": "nyc3",
            "resize_disk": true,
            "size": "s-2vcpu-2gb",
            "ssh_keys": [
              "37382051"
            ],
            "status": "active",
            "tags": [],
            "timeouts": null,
            "urn": "do:droplet:338179384",
            "user_data": null,
            "vcpus": 2,
            "volume_ids": [],
            "vpc_uuid": "e4ecf01c-2bf5-4dcb-afcb-3802a081488f"
          },
          "sensitive_attributes": [],
          "private": "eyJlMmJmYjczMC1lY2FhLTExZTYtOGY4OC0zNDM2M2JjN2M0YzAiOnsiY3JlYXRlIjozNjAwMDAwMDAwMDAwLCJkZWxldGUiOjYwMDAwMDAwMDAwLCJ1cGRhdGUiOjM2MDAwMDAwMDAwMDB9LCJzY2hlbWFfdmVyc2lvbiI6IjEifQ==",
          "dependencies": [
            "data.digitalocean_ssh_key.ssh_key"
          ]
        }
      ]
    },
    {
      "mode": "managed",
      "type": "digitalocean_kubernetes_cluster",
      "name": "k8s",
      "provider": "provider[\"registry.terraform.io/digitalocean/digitalocean\"]",
      "instances": [
        {
          "schema_version": 3,
          "attributes": {
            "auto_upgrade": false,
            "cluster_subnet": "10.244.0.0/16",
            "created_at": "2023-01-30 01:24:31 +0000 UTC",
            "endpoint": "https://7b785f33-7624-40cb-bc09-02ee36f902f3.k8s.ondigitalocean.com",
            "ha": false,
            "id": "7b785f33-7624-40cb-bc09-02ee36f902f3",
            "ipv4_address": "",
            "kube_config": [
              {
                "client_certificate": "",
                "client_key": "",
                "cluster_ca_certificate": "LS0tLS1CRUdJTiBDRVJUSUZJQ0FURS0tLS0tCk1JSURKekNDQWcrZ0F3SUJBZ0lDQm5Vd0RRWUpLb1pJaHZjTkFRRUxCUUF3TXpFVk1CTUdBMVVFQ2hNTVJHbG4KYVhSaGJFOWpaV0Z1TVJvd0dBWURWUVFERXhGck9ITmhZWE1nUTJ4MWMzUmxjaUJEUVRBZUZ3MHlNekF4TXpBdwpNVEkwTXpSYUZ3MDBNekF4TXpBd01USTBNelJhTURNeEZUQVRCZ05WQkFvVERFUnBaMmwwWVd4UFkyVmhiakVhCk1CZ0dBMVVFQXhNUmF6aHpZV0Z6SUVOc2RYTjBaWElnUTBFd2dnRWlNQTBHQ1NxR1NJYjNEUUVCQVFVQUE0SUIKRHdBd2dnRUtBb0lCQVFDMVJoWHl4SzlGWUd6dHRDT09jR2hnYnJLeTVJMWdZUFRuZmNxaTA4QUx1c0pEcHFxSQp6aEFtRjdyWkNmN0s1dndrWkIxeHhEbHFFbzczV05iNkdad2RFbzRLMGt0MHNkNStoV2Z1bDdFclBZYXorL0RiCjFuTHFteXJwdTh4SlY2a0JiVzczMkhNZ3RKbjRtRmNzckV0VGovWWYwbXh4WHZiZmRVUGZnSStNc0tjdnNoTFcKVUlkSjdWcUFTdis3bldFbDlVR0JsWm5qOS9MZk9uaVNMc2MzbG5vZzdldlZ4Zjk3YkREcXVRNlhOcTkvYTF4bgoyajZaRHhZMVE2YW5qSnRrajBrSzlycU5WTHVaNGM4UEt0M3RDdDhkMUp4Rit0NEF4bU0wTmNuLzJwbHdxMmEvCkJYYVhDc05RTU5IYlM1ZGhaMURYYy9obUptQVFQUzRFbmM1MUFnTUJBQUdqUlRCRE1BNEdBMVVkRHdFQi93UUUKQXdJQmhqQVNCZ05WSFJNQkFmOEVDREFHQVFIL0FnRUFNQjBHQTFVZERnUVdCQlNxRDNBZDY0M3k0bmIyeUZQYwo0cVA0TzdZMDREQU5CZ2txaGtpRzl3MEJBUXNGQUFPQ0FRRUFxQzhNb2YzR0RuajVRd0lXblVJaTNGa01PWkgrCjJDbXBsUjlrbm0waW5DZkM1VEp5d2RJekxleEhaQmdybW4vaGlxYXAvdDk5ek5TdkpzRUpvd2FOWWRmVXdwdGUKbzFkbUNmdWhVZ3NHWERZOWEyUlNwcE5Gb1oza28zQ3JwVDV4aW84ZE1mcGt2L2d0UTVrK3hPZkc5MERUeXprVAp0eEN0Rm5PWUhKZGlOYklINUdJYzVyRy81M3l3cWl2dFA4ckd6Z2h4bEVkS2N6UFZCckx5eFpiSE5qdHFxZEloCko1M0F1NFdUQ2ZlNDZZckxuWlNnKzFKdTFSSVlVNzVGLzBJalFZTTd5QSsvYVhRQmVyTHdmRzZBcFJ1ZDVEQm8KcCtxeXNEcG9LdStQZDRMMHVPRS9DNG01WWJablR0cDFmYUh6ZTFZK2hRM0NzZnp0b2pKb3VwNnVZQT09Ci0tLS0tRU5EIENFUlRJRklDQVRFLS0tLS0K",
                "expires_at": "2023-02-06T01:29:22Z",
                "host": "https://7b785f33-7624-40cb-bc09-02ee36f902f3.k8s.ondigitalocean.com",
                "raw_config": "apiVersion: v1\nkind: Config\nclusters:\n- cluster:\n    certificate-authority-data: LS0tLS1CRUdJTiBDRVJUSUZJQ0FURS0tLS0tCk1JSURKekNDQWcrZ0F3SUJBZ0lDQm5Vd0RRWUpLb1pJaHZjTkFRRUxCUUF3TXpFVk1CTUdBMVVFQ2hNTVJHbG4KYVhSaGJFOWpaV0Z1TVJvd0dBWURWUVFERXhGck9ITmhZWE1nUTJ4MWMzUmxjaUJEUVRBZUZ3MHlNekF4TXpBdwpNVEkwTXpSYUZ3MDBNekF4TXpBd01USTBNelJhTURNeEZUQVRCZ05WQkFvVERFUnBaMmwwWVd4UFkyVmhiakVhCk1CZ0dBMVVFQXhNUmF6aHpZV0Z6SUVOc2RYTjBaWElnUTBFd2dnRWlNQTBHQ1NxR1NJYjNEUUVCQVFVQUE0SUIKRHdBd2dnRUtBb0lCQVFDMVJoWHl4SzlGWUd6dHRDT09jR2hnYnJLeTVJMWdZUFRuZmNxaTA4QUx1c0pEcHFxSQp6aEFtRjdyWkNmN0s1dndrWkIxeHhEbHFFbzczV05iNkdad2RFbzRLMGt0MHNkNStoV2Z1bDdFclBZYXorL0RiCjFuTHFteXJwdTh4SlY2a0JiVzczMkhNZ3RKbjRtRmNzckV0VGovWWYwbXh4WHZiZmRVUGZnSStNc0tjdnNoTFcKVUlkSjdWcUFTdis3bldFbDlVR0JsWm5qOS9MZk9uaVNMc2MzbG5vZzdldlZ4Zjk3YkREcXVRNlhOcTkvYTF4bgoyajZaRHhZMVE2YW5qSnRrajBrSzlycU5WTHVaNGM4UEt0M3RDdDhkMUp4Rit0NEF4bU0wTmNuLzJwbHdxMmEvCkJYYVhDc05RTU5IYlM1ZGhaMURYYy9obUptQVFQUzRFbmM1MUFnTUJBQUdqUlRCRE1BNEdBMVVkRHdFQi93UUUKQXdJQmhqQVNCZ05WSFJNQkFmOEVDREFHQVFIL0FnRUFNQjBHQTFVZERnUVdCQlNxRDNBZDY0M3k0bmIyeUZQYwo0cVA0TzdZMDREQU5CZ2txaGtpRzl3MEJBUXNGQUFPQ0FRRUFxQzhNb2YzR0RuajVRd0lXblVJaTNGa01PWkgrCjJDbXBsUjlrbm0waW5DZkM1VEp5d2RJekxleEhaQmdybW4vaGlxYXAvdDk5ek5TdkpzRUpvd2FOWWRmVXdwdGUKbzFkbUNmdWhVZ3NHWERZOWEyUlNwcE5Gb1oza28zQ3JwVDV4aW84ZE1mcGt2L2d0UTVrK3hPZkc5MERUeXprVAp0eEN0Rm5PWUhKZGlOYklINUdJYzVyRy81M3l3cWl2dFA4ckd6Z2h4bEVkS2N6UFZCckx5eFpiSE5qdHFxZEloCko1M0F1NFdUQ2ZlNDZZckxuWlNnKzFKdTFSSVlVNzVGLzBJalFZTTd5QSsvYVhRQmVyTHdmRzZBcFJ1ZDVEQm8KcCtxeXNEcG9LdStQZDRMMHVPRS9DNG01WWJablR0cDFmYUh6ZTFZK2hRM0NzZnp0b2pKb3VwNnVZQT09Ci0tLS0tRU5EIENFUlRJRklDQVRFLS0tLS0K\n    server: https://7b785f33-7624-40cb-bc09-02ee36f902f3.k8s.ondigitalocean.com\n  name: do-nyc3-k8s\ncontexts:\n- context:\n    cluster: do-nyc3-k8s\n    user: do-nyc3-k8s-admin\n  name: do-nyc3-k8s\ncurrent-context: do-nyc3-k8s\nusers:\n- name: do-nyc3-k8s-admin\n  user:\n    token: dop_v1_a4568f0490eb481761b9d27d1b27d6b783adeffcf8146a4179567ef141984cdd\n",
                "token": "dop_v1_a4568f0490eb481761b9d27d1b27d6b783adeffcf8146a4179567ef141984cdd"
              }
            ],
            "maintenance_policy": [
              {
                "day": "any",
                "duration": "4h0m0s",
                "start_time": "19:00"
              }
            ],
            "name": "k8s",
            "node_pool": [
              {
                "actual_node_count": 2,
                "auto_scale": false,
                "id": "fd973d57-39c1-4019-bbc5-b64f8f03bc6f",
                "labels": {},
                "max_nodes": 0,
                "min_nodes": 0,
                "name": "default",
                "node_count": 2,
                "nodes": [
                  {
                    "created_at": "2023-01-30 01:24:31 +0000 UTC",
                    "droplet_id": "338179490",
                    "id": "a89c2769-224e-41a2-87cd-4e05851ca990",
                    "name": "default-q3ulh",
                    "status": "running",
                    "updated_at": "2023-01-30 01:25:54 +0000 UTC"
                  },
                  {
                    "created_at": "2023-01-30 01:24:31 +0000 UTC",
                    "droplet_id": "338179489",
                    "id": "f1f2c9f8-b49a-42a7-b342-6ca73f642fab",
                    "name": "default-q3ul4",
                    "status": "running",
                    "updated_at": "2023-01-30 01:25:54 +0000 UTC"
                  }
                ],
                "size": "s-2vcpu-2gb",
                "tags": [],
                "taint": []
              }
            ],
            "region": "nyc3",
            "service_subnet": "10.245.0.0/16",
            "status": "running",
            "surge_upgrade": true,
            "tags": [],
            "timeouts": null,
            "updated_at": "2023-01-30 01:29:14 +0000 UTC",
            "urn": "do:kubernetes:7b785f33-7624-40cb-bc09-02ee36f902f3",
            "version": "1.25.4-do.0",
            "vpc_uuid": "e4ecf01c-2bf5-4dcb-afcb-3802a081488f"
          },
          "sensitive_attributes": [],
          "private": "eyJlMmJmYjczMC1lY2FhLTExZTYtOGY4OC0zNDM2M2JjN2M0YzAiOnsiY3JlYXRlIjoxODAwMDAwMDAwMDAwfSwic2NoZW1hX3ZlcnNpb24iOiIzIn0="
        }
      ]
    }
  ],
  "check_results": null
}
